<Solution>
  <Folder Name="/Solution Items/">
    <File Path="README.md" />
    <Project Path="Onion.Application/Onion.Application.csproj" />
    <Project Path="Onion.Domain/Onion.Domain.csproj" />
    <Project Path="Onion.Infrastructure/Onion.Infrastructure.csproj" />
    <Project Path="Onion.Web/Onion.Web.csproj" />
  </Folder>
</Solution>
